
Microsoft Visual Studio Solution File, Format Version 12.00
# Visual Studio 15
VisualStudioVersion = 15.0.28307.271
MinimumVisualStudioVersion = 10.0.40219.1
Project("{FAE04EC0-301F-11D3-BF4B-00C04F79EFBC}") = "DocProject", "DocProject\DocProject.csproj", "{3DBBE9A1-8800-4873-A816-72EF104B4347}"
EndProject
Global
	GlobalSection(SolutionConfigurationPlatforms) = preSolution
		Debug|Any CPU = Debug|Any CPU
		Release|Any CPU = Release|Any CPU
	EndGlobalSection
	GlobalSection(ProjectConfigurationPlatforms) = postSolution
		{3DBBE9A1-8800-4873-A816-72EF104B4347}.Debug|Any CPU.ActiveCfg = Debug|Any CPU
		{3DBBE9A1-8800-4873-A816-72EF104B4347}.Debug|Any CPU.Build.0 = Debug|Any CPU
		{3DBBE9A1-8800-4873-A816-72EF104B4347}.Release|Any CPU.ActiveCfg = Release|Any CPU
		{3DBBE9A1-8800-4873-A816-72EF104B4347}.Release|Any CPU.Build.0 = Release|Any CPU
	EndGlobalSection
	GlobalSection(SolutionProperties) = preSolution
		HideSolutionNode = FALSE
	EndGlobalSection
	GlobalSection(ExtensibilityGlobals) = postSolution
		SolutionGuid = {E8029DF8-E7E8-4865-87BE-BA1C191F78CE}
	EndGlobalSection
EndGlobal
